// !$*UTF8*$!
{
	archiveVersion = 1;
	classes = {
	};
	objectVersion = 56;
	objects = {

/* Begin PBXBuildFile section */
		0FADE2C72B69AB49005CDB8C /* AppDelegate.swift in Sources */ = {isa = PBXBuildFile; fileRef = 0FADE2C62B69AB49005CDB8C /* AppDelegate.swift */; };
		0FADE2C92B69AB49005CDB8C /* SceneDelegate.swift in Sources */ = {isa = PBXBuildFile; fileRef = 0FADE2C82B69AB49005CDB8C /* SceneDelegate.swift */; };
		0FADE2CB2B69AB49005CDB8C /* ViewController.swift in Sources */ = {isa = PBXBuildFile; fileRef = 0FADE2CA2B69AB49005CDB8C /* ViewController.swift */; };
		0FADE2CE2B69AB49005CDB8C /* Main.storyboard in Resources */ = {isa = PBXBuildFile; fileRef = 0FADE2CC2B69AB49005CDB8C /* Main.storyboard */; };
		0FADE2D02B69AB4A005CDB8C /* Assets.xcassets in Resources */ = {isa = PBXBuildFile; fileRef = 0FADE2CF2B69AB4A005CDB8C /* Assets.xcassets */; };
		0FADE2D32B69AB4A005CDB8C /* LaunchScreen.storyboard in Resources */ = {isa = PBXBuildFile; fileRef = 0FADE2D12B69AB4A005CDB8C /* LaunchScreen.storyboard */; };
		0FADE2DB2B69AD51005CDB8C /* Protocol.swift in Sources */ = {isa = PBXBuildFile; fileRef = 0FADE2DA2B69AD51005CDB8C /* Protocol.swift */; };
		0FADE2DD2B69AD6B005CDB8C /* SecondViewController.swift in Sources */ = {isa = PBXBuildFile; fileRef = 0FADE2DC2B69AD6B005CDB8C /* SecondViewController.swift */; };
/* End PBXBuildFile section */

/* Begin PBXFileReference section */
		0FADE2C32B69AB49005CDB8C /* BGDelegateExample.app */ = {isa = PBXFileReference; explicitFileType = wrapper.application; includeInIndex = 0; path = BGDelegateExample.app; sourceTree = BUILT_PRODUCTS_DIR; };
		0FADE2C62B69AB49005CDB8C /* AppDelegate.swift */ = {isa = PBXFileReference; lastKnownFileType = sourcecode.swift; path = AppDelegate.swift; sourceTree = "<group>"; };
		0FADE2C82B69AB49005CDB8C /* SceneDelegate.swift */ = {isa = PBXFileReference; lastKnownFileType = sourcecode.swift; path = SceneDelegate.swift; sourceTree = "<group>"; };
		0FADE2CA2B69AB49005CDB8C /* ViewController.swift */ = {isa = PBXFileReference; lastKnownFileType = sourcecode.swift; path = ViewController.swift; sourceTree = "<group>"; };
		0FADE2CD2B69AB49005CDB8C /* Base */ = {isa = PBXFileReference; lastKnownFileType = file.storyboard; name = Base; path = Base.lproj/Main.storyboard; sourceTree = "<group>"; };
		0FADE2CF2B69AB4A005CDB8C /* Assets.xcassets */ = {isa = PBXFileReference; lastKnownFileType = folder.assetcatalog; path = Assets.xcassets; sourceTree = "<group>"; };
		0FADE2D22B69AB4A005CDB8C /* Base */ = {isa = PBXFileReference; lastKnownFileType = file.storyboard; name = Base; path = Base.lproj/LaunchScreen.storyboard; sourceTree = "<group>"; };
		0FADE2D42B69AB4A005CDB8C /* Info.plist */ = {isa = PBXFileReference; lastKnownFileType = text.plist.xml; path = Info.plist; sourceTree = "<group>"; };
		0FADE2DA2B69AD51005CDB8C /* Protocol.swift */ = {isa = PBXFileReference; lastKnownFileType = sourcecode.swift; path = Protocol.swift; sourceTree = "<group>"; };
		0FADE2DC2B69AD6B005CDB8C /* SecondViewController.swift */ = {isa = PBXFileReference; lastKnownFileType = sourcecode.swift; path = SecondViewController.swift; sourceTree = "<group>"; };
/* End PBXFileReference section */

/* Begin PBXFrameworksBuildPhase section */
		0FADE2C02B69AB49005CDB8C /* Frameworks */ = {
			isa = PBXFrameworksBuildPhase;
			buildActionMask = 2147483647;
			files = (
			);
			runOnlyForDeploymentPostprocessing = 0;
		};
/* End PBXFrameworksBuildPhase section */

/* Begin PBXGroup section */
		0FADE2BA2B69AB49005CDB8C = {
			isa = PBXGroup;
			children = (
				0FADE2C52B69AB49005CDB8C /* BGDelegateExample */,
				0FADE2C42B69AB49005CDB8C /* Products */,
			);
			sourceTree = "<group>";
		};
		0FADE2C42B69AB49005CDB8C /* Products */ = {
			isa = PBXGroup;
			children = (
				0FADE2C32B69AB49005CDB8C /* BGDelegateExample.app */,
			);
			name = Products;
			sourceTree = "<group>";
		};
		0FADE2C52B69AB49005CDB8C /* BGDelegateExample */ = {
			isa = PBXGroup;
			children = (
				0FADE2C62B69AB49005CDB8C /* AppDelegate.swift */,
				0FADE2C82B69AB49005CDB8C /* SceneDelegate.swift */,
				0FADE2CA2B69AB49005CDB8C /* ViewController.swift */,
				0FADE2DC2B69AD6B005CDB8C /* SecondViewController.swift */,
				0FADE2DA2B69AD51005CDB8C /* Protocol.swift */,
				0FADE2CC2B69AB49005CDB8C /* Main.storyboard */,
				0FADE2CF2B69AB4A005CDB8C /* Assets.xcassets */,
				0FADE2D12B69AB4A005CDB8C /* LaunchScreen.storyboard */,
				0FADE2D42B69AB4A005CDB8C /* Info.plist */,
			);
			path = BGDelegateExample;
			sourceTree = "<group>";
		};
/* End PBXGroup section */

/* Begin PBXNativeTarget section */
		0FADE2C22B69AB49005CDB8C /* BGDelegateExample */ = {
			isa = PBXNativeTarget;
			buildConfigurationList = 0FADE2D72B69AB4A005CDB8C /* Build configuration list for PBXNativeTarget "BGDelegateExample" */;
			buildPhases = (
				0FADE2BF2B69AB49005CDB8C /* Sources */,
				0FADE2C02B69AB49005CDB8C /* Frameworks */,
				0FADE2C12B69AB49005CDB8C /* Resources */,
			);
			buildRules = (
			);
			dependencies = (
			);
			name = BGDelegateExample;
			productName = BGDelegateExample;
			productReference = 0FADE2C32B69AB49005CDB8C /* BGDelegateExample.app */;
			productType = "com.apple.product-type.application";
		};
/* End PBXNativeTarget section */

/* Begin PBXProject section */
		0FADE2BB2B69AB49005CDB8C /* Project object */ = {
			isa = PBXProject;
			attributes = {
				BuildIndependentTargetsInParallel = 1;
				LastSwiftUpdateCheck = 1500;
				LastUpgradeCheck = 1500;
				TargetAttributes = {
					0FADE2C22B69AB49005CDB8C = {
						CreatedOnToolsVersion = 15.0.1;
					};
				};
			};
			buildConfigurationList = 0FADE2BE2B69AB49005CDB8C /* Build configuration list for PBXProject "BGDelegateExample" */;
			compatibilityVersion = "Xcode 14.0";
			developmentRegion = en;
			hasScannedForEncodings = 0;
			knownRegions = (
				en,
				Base,
			);
			mainGroup = 0FADE2BA2B69AB49005CDB8C;
			productRefGroup = 0FADE2C42B69AB49005CDB8C /* Products */;
			projectDirPath = "";
			projectRoot = "";
			targets = (
				0FADE2C22B69AB49005CDB8C /* BGDelegateExample */,
			);
		};
/* End PBXProject section */

/* Begin PBXResourcesBuildPhase section */
		0FADE2C12B69AB49005CDB8C /* Resources */ = {
			isa = PBXResourcesBuildPhase;
			buildActionMask = 2147483647;
			files = (
				0FADE2D32B69AB4A005CDB8C /* LaunchScreen.storyboard in Resources */,
				0FADE2D02B69AB4A005CDB8C /* Assets.xcassets in Resources */,
				0FADE2CE2B69AB49005CDB8C /* Main.storyboard in Resources */,
			);
			runOnlyForDeploymentPostprocessing = 0;
		};
/* End PBXResourcesBuildPhase section */

/* Begin PBXSourcesBuildPhase section */
		0FADE2BF2B69AB49005CDB8C /* Sources */ = {
			isa = PBXSourcesBuildPhase;
			buildActionMask = 2147483647;
			files = (
				0FADE2CB2B69AB49005CDB8C /* ViewController.swift in Sources */,
				0FADE2C72B69AB49005CDB8C /* AppDelegate.swift in Sources */,
				0FADE2C92B69AB49005CDB8C /* SceneDelegate.swift in Sources */,
				0FADE2DD2B69AD6B005CDB8C /* SecondViewController.swift in Sources */,
				0FADE2DB2B69AD51005CDB8C /* Protocol.swift in Sources */,
			);
			runOnlyForDeploymentPostprocessing = 0;
		};
/* End PBXSourcesBuildPhase section */

/* Begin PBXVariantGroup section */
		0FADE2CC2B69AB49005CDB8C /* Main.storyboard */ = {
			isa = PBXVariantGroup;
			children = (
				0FADE2CD2B69AB49005CDB8C /* Base */,
			);
			name = Main.storyboard;
			sourceTree = "<group>";
		};
		0FADE2D12B69AB4A005CDB8C /* LaunchScreen.storyboard */ = {
			isa = PBXVariantGroup;
			children = (
				0FADE2D22B69AB4A005CDB8C /* Base */,
			);
			name = LaunchScreen.storyboard;
			sourceTree = "<group>";
		};
/* End PBXVariantGroup section */

/* Begin XCBuildConfiguration section */
		0FADE2D52B69AB4A005CDB8C /* Debug */ = {
			isa = XCBuildConfiguration;
			buildSettings = {
				ALWAYS_SEARCH_USER_PATHS = NO;
				ASSETCATALOG_COMPILER_GENERATE_SWIFT_ASSET_SYMBOL_EXTENSIONS = YES;
				CLANG_ANALYZER_NONNULL = YES;
				CLANG_ANALYZER_NUMBER_OBJECT_CONVERSION = YES_AGGRESSIVE;
				CLANG_CXX_LANGUAGE_STANDARD = "gnu++20";
				CLANG_ENABLE_MODULES = YES;
				CLANG_ENABLE_OBJC_ARC = YES;
				CLANG_ENABLE_OBJC_WEAK = YES;
				CLANG_WARN_BLOCK_CAPTURE_AUTORELEASING = YES;
				CLANG_WARN_BOOL_CONVERSION = YES;
				CLANG_WARN_COMMA = YES;
				CLANG_WARN_CONSTANT_CONVERSION = YES;
				CLANG_WARN_DEPRECATED_OBJC_IMPLEMENTATIONS = YES;
				CLANG_WARN_DIRECT_OBJC_ISA_USAGE = YES_ERROR;
				CLANG_WARN_DOCUMENTATION_COMMENTS = YES;
				CLANG_WARN_EMPTY_BODY = YES;
				CLANG_WARN_ENUM_CONVERSION = YES;
				CLANG_WARN_INFINITE_RECURSION = YES;
				CLANG_WARN_INT_CONVERSION = YES;
				CLANG_WARN_NON_LITERAL_NULL_CONVERSION = YES;
				CLANG_WARN_OBJC_IMPLICIT_RETAIN_SELF = YES;
				CLANG_WARN_OBJC_LITERAL_CONVERSION = YES;
				CLANG_WARN_OBJC_ROOT_CLASS = YES_ERROR;
				CLANG_WARN_QUOTED_INCLUDE_IN_FRAMEWORK_HEADER = YES;
				CLANG_WARN_RANGE_LOOP_ANALYSIS = YES;
				CLANG_WARN_STRICT_PROTOTYPES = YES;
				CLANG_WARN_SUSPICIOUS_MOVE = YES;
				CLANG_WARN_UNGUARDED_AVAILABILITY = YES_AGGRESSIVE;
				CLANG_WARN_UNREACHABLE_CODE = YES;
				CLANG_WARN__DUPLICATE_METHOD_MATCH = YES;
				COPY_PHASE_STRIP = NO;
				DEBUG_INFORMATION_FORMAT = dwarf;
				ENABLE_STRICT_OBJC_MSGSEND = YES;
				ENABLE_TESTABILITY = YES;
				ENABLE_USER_SCRIPT_SANDBOXING = YES;
				GCC_C_LANGUAGE_STANDARD = gnu17;
				GCC_DYNAMIC_NO_PIC = NO;
				GCC_NO_COMMON_BLOCKS = YES;
				GCC_OPTIMIZATION_LEVEL = 0;
				GCC_PREPROCESSOR_DEFINITIONS = (
					"DEBUG=1",
					"$(inherited)",
				);
				GCC_WARN_64_TO_32_BIT_CONVERSION = YES;
				GCC_WARN_ABOUT_RETURN_TYPE = YES_ERROR;
				GCC_WARN_UNDECLARED_SELECTOR = YES;
				GCC_WARN_UNINITIALIZED_AUTOS = YES_AGGRESSIVE;
				GCC_WARN_UNUSED_FUNCTION = YES;
				GCC_WARN_UNUSED_VARIABLE = YES;
				IPHONEOS_DEPLOYMENT_TARGET = 17.0;
				LOCALIZATION_PREFERS_STRING_CATALOGS = YES;
				MTL_ENABLE_DEBUG_INFO = INCLUDE_SOURCE;
				MTL_FAST_MATH = YES;
				ONLY_ACTIVE_ARCH = YES;
				SDKROOT = iphoneos;
				SWIFT_ACTIVE_COMPILATION_CONDITIONS = "DEBUG $(inherited)";
				SWIFT_OPTIMIZATION_LEVEL = "-Onone";
			};
			name = Debug;
		};
		0FADE2D62B69AB4A005CDB8C /* Release */ = {
			isa = XCBuildConfiguration;
			buildSettings = {
				ALWAYS_SEARCH_USER_PATHS = NO;
				ASSETCATALOG_COMPILER_GENERATE_SWIFT_ASSET_SYMBOL_EXTENSIONS = YES;
				CLANG_ANALYZER_NONNULL = YES;
				CLANG_ANALYZER_NUMBER_OBJECT_CONVERSION = YES_AGGRESSIVE;
				CLANG_CXX_LANGUAGE_STANDARD = "gnu++20";
				CLANG_ENABLE_MODULES = YES;
				CLANG_ENABLE_OBJC_ARC = YES;
				CLANG_ENABLE_OBJC_WEAK = YES;
				CLANG_WARN_BLOCK_CAPTURE_AUTORELEASING = YES;
				CLANG_WARN_BOOL_CONVERSION = YES;
				CLANG_WARN_COMMA = YES;
				CLANG_WARN_CONSTANT_CONVERSION = YES;
				CLANG_WARN_DEPRECATED_OBJC_IMPLEMENTATIONS = YES;
				CLANG_WARN_DIRECT_OBJC_ISA_USAGE = YES_ERROR;
				CLANG_WARN_DOCUMENTATION_COMMENTS = YES;
				CLANG_WARN_EMPTY_BODY = YES;
				CLANG_WARN_ENUM_CONVERSION = YES;
				CLANG_WARN_INFINITE_RECURSION = YES;
				CLANG_WARN_INT_CONVERSION = YES;
				CLANG_WARN_NON_LITERAL_NULL_CONVERSION = YES;
				CLANG_WARN_OBJC_IMPLICIT_RETAIN_SELF = YES;
				CLANG_WARN_OBJC_LITERAL_CONVERSION = YES;
				CLANG_WARN_OBJC_ROOT_CLASS = YES_ERROR;
				CLANG_WARN_QUOTED_INCLUDE_IN_FRAMEWORK_HEADER = YES;
				CLANG_WARN_RANGE_LOOP_ANALYSIS = YES;
				CLANG_WARN_STRICT_PROTOTYPES = YES;
				CLANG_WARN_SUSPICIOUS_MOVE = YES;
				CLANG_WARN_UNGUARDED_AVAILABILITY = YES_AGGRESSIVE;
				CLANG_WARN_UNREACHABLE_CODE = YES;
				CLANG_WARN__DUPLICATE_METHOD_MATCH = YES;
				COPY_PHASE_STRIP = NO;
				DEBUG_INFORMATION_FORMAT = "dwarf-with-dsym";
				ENABLE_NS_ASSERTIONS = NO;
				ENABLE_STRICT_OBJC_MSGSEND = YES;
				ENABLE_USER_SCRIPT_SANDBOXING = YES;
				GCC_C_LANGUAGE_STANDARD = gnu17;
				GCC_NO_COMMON_BLOCKS = YES;
				GCC_WARN_64_TO_32_BIT_CONVERSION = YES;
				GCC_WARN_ABOUT_RETURN_TYPE = YES_ERROR;
				GCC_WARN_UNDECLARED_SELECTOR = YES;
				GCC_WARN_UNINITIALIZED_AUTOS = YES_AGGRESSIVE;
				GCC_WARN_UNUSED_FUNCTION = YES;
				GCC_WARN_UNUSED_VARIABLE = YES;
				IPHONEOS_DEPLOYMENT_TARGET = 17.0;
				LOCALIZATION_PREFERS_STRING_CATALOGS = YES;
				MTL_ENABLE_DEBUG_INFO = NO;
				MTL_FAST_MATH = YES;
				SDKROOT = iphoneos;
				SWIFT_COMPILATION_MODE = wholemodule;
				VALIDATE_PRODUCT = YES;
			};
			name = Release;
		};
		0FADE2D82B69AB4A005CDB8C /* Debug */ = {
			isa = XCBuildConfiguration;
			buildSettings = {
				ASSETCATALOG_COMPILER_APPICON_NAME = AppIcon;
				ASSETCATALOG_COMPILER_GLOBAL_ACCENT_COLOR_NAME = AccentColor;
				CODE_SIGN_STYLE = Automatic;
				CURRENT_PROJECT_VERSION = 1;
				DEVELOPMENT_TEAM = WCBWQ8ZQF2;
				GENERATE_INFOPLIST_FILE = YES;
				INFOPLIST_FILE = BGDelegateExample/Info.plist;
				INFOPLIST_KEY_UIApplicationSupportsIndirectInputEvents = YES;
				INFOPLIST_KEY_UILaunchStoryboardName = LaunchScreen;
				INFOPLIST_KEY_UIMainStoryboardFile = Main;
				INFOPLIST_KEY_UISupportedInterfaceOrientations_iPad = "UIInterfaceOrientationPortrait UIInterfaceOrientationPortraitUpsideDown UIInterfaceOrientationLandscapeLeft UIInterfaceOrientationLandscapeRight";
				INFOPLIST_KEY_UISupportedInterfaceOrientations_iPhone = "UIInterfaceOrientationPortrait UIInterfaceOrientationLandscapeLeft UIInterfaceOrientationLandscapeRight";
				IPHONEOS_DEPLOYMENT_TARGET = 16.6;
				LD_RUNPATH_SEARCH_PATHS = (
					"$(inherited)",
					"@executable_path/Frameworks",
				);
				MARKETING_VERSION = 1.0;
				PRODUCT_BUNDLE_IDENTIFIER = personal.BGDelegateExample;
				PRODUCT_NAME = "$(TARGET_NAME)";
				SWIFT_EMIT_LOC_STRINGS = YES;
				SWIFT_VERSION = 5.0;
				TARGETED_DEVICE_FAMILY = "1,2";
			};
			name = Debug;
		};
		0FADE2D92B69AB4A005CDB8C /* Release */ = {
			isa = XCBuildConfiguration;
			buildSettings = {
				ASSETCATALOG_COMPILER_APPICON_NAME = AppIcon;
				ASSETCATALOG_COMPILER_GLOBAL_ACCENT_COLOR_NAME = AccentColor;
				CODE_SIGN_STYLE = Automatic;
				CURRENT_PROJECT_VERSION = 1;
				DEVELOPMENT_TEAM = WCBWQ8ZQF2;
				GENERATE_INFOPLIST_FILE = YES;
				INFOPLIST_FILE = BGDelegateExample/Info.plist;
				INFOPLIST_KEY_UIApplicationSupportsIndirectInputEvents = YES;
				INFOPLIST_KEY_UILaunchStoryboardName = LaunchScreen;
				INFOPLIST_KEY_UIMainStoryboardFile = Main;
				INFOPLIST_KEY_UISupportedInterfaceOrientations_iPad = "UIInterfaceOrientationPortrait UIInterfaceOrientationPortraitUpsideDown UIInterfaceOrientationLandscapeLeft UIInterfaceOrientationLandscapeRight";
				INFOPLIST_KEY_UISupportedInterfaceOrientations_iPhone = "UIInterfaceOrientationPortrait UIInterfaceOrientationLandscapeLeft UIInterfaceOrientationLandscapeRight";
				IPHONEOS_DEPLOYMENT_TARGET = 16.6;
				LD_RUNPATH_SEARCH_PATHS = (
					"$(inherited)",
					"@executable_path/Frameworks",
				);
				MARKETING_VERSION = 1.0;
				PRODUCT_BUNDLE_IDENTIFIER = personal.BGDelegateExample;
				PRODUCT_NAME = "$(TARGET_NAME)";
				SWIFT_EMIT_LOC_STRINGS = YES;
				SWIFT_VERSION = 5.0;
				TARGETED_DEVICE_FAMILY = "1,2";
			};
			name = Release;
		};
/* End XCBuildConfiguration section */

/* Begin XCConfigurationList section */
		0FADE2BE2B69AB49005CDB8C /* Build configuration list for PBXProject "BGDelegateExample" */ = {
			isa = XCConfigurationList;
			buildConfigurations = (
				0FADE2D52B69AB4A005CDB8C /* Debug */,
				0FADE2D62B69AB4A005CDB8C /* Release */,
			);
			defaultConfigurationIsVisible = 0;
			defaultConfigurationName = Release;
		};
		0FADE2D72B69AB4A005CDB8C /* Build configuration list for PBXNativeTarget "BGDelegateExample" */ = {
			isa = XCConfigurationList;
			buildConfigurations = (
				0FADE2D82B69AB4A005CDB8C /* Debug */,
				0FADE2D92B69AB4A005CDB8C /* Release */,
			);
			defaultConfigurationIsVisible = 0;
			defaultConfigurationName = Release;
		};
/* End XCConfigurationList section */
	};
	rootObject = 0FADE2BB2B69AB49005CDB8C /* Project object */;
}
